
Microsoft Visual Studio Solution File, Format Version 12.00
Project("{FAE04EC0-301F-11D3-BF4B-00C04F79EFBC}") = "Bnathyuw.Perceptron.TestDataGenerator.Tests", "Bnathyuw.Perceptron.TestDataGenerator.Tests\Bnathyuw.Perceptron.TestDataGenerator.Tests.csproj", "{C3283DCB-6578-449E-B15E-010F934A25F6}"
EndProject
Project("{FAE04EC0-301F-11D3-BF4B-00C04F79EFBC}") = "Bnathyuw.Perceptron.TestDataGenerator", "Bnathyuw.Perceptron.TestDataGenerator\Bnathyuw.Perceptron.TestDataGenerator.csproj", "{A29AEA06-1A11-4817-B92D-2C9330B58E89}"
EndProject
Project("{FAE04EC0-301F-11D3-BF4B-00C04F79EFBC}") = "Bnathyuw.Perceptron.App", "Bnathyuw.Perceptron.App\Bnathyuw.Perceptron.App.csproj", "{6056B86C-3A98-4C7C-9F24-F718488CCCA0}"
EndProject
Global
	GlobalSection(SolutionConfigurationPlatforms) = preSolution
		Debug|Any CPU = Debug|Any CPU
		Release|Any CPU = Release|Any CPU
	EndGlobalSection
	GlobalSection(ProjectConfigurationPlatforms) = postSolution
		{C3283DCB-6578-449E-B15E-010F934A25F6}.Debug|Any CPU.ActiveCfg = Debug|Any CPU
		{C3283DCB-6578-449E-B15E-010F934A25F6}.Debug|Any CPU.Build.0 = Debug|Any CPU
		{C3283DCB-6578-449E-B15E-010F934A25F6}.Release|Any CPU.ActiveCfg = Release|Any CPU
		{C3283DCB-6578-449E-B15E-010F934A25F6}.Release|Any CPU.Build.0 = Release|Any CPU
		{A29AEA06-1A11-4817-B92D-2C9330B58E89}.Debug|Any CPU.ActiveCfg = Debug|Any CPU
		{A29AEA06-1A11-4817-B92D-2C9330B58E89}.Debug|Any CPU.Build.0 = Debug|Any CPU
		{A29AEA06-1A11-4817-B92D-2C9330B58E89}.Release|Any CPU.ActiveCfg = Release|Any CPU
		{A29AEA06-1A11-4817-B92D-2C9330B58E89}.Release|Any CPU.Build.0 = Release|Any CPU
		{6056B86C-3A98-4C7C-9F24-F718488CCCA0}.Debug|Any CPU.ActiveCfg = Debug|Any CPU
		{6056B86C-3A98-4C7C-9F24-F718488CCCA0}.Debug|Any CPU.Build.0 = Debug|Any CPU
		{6056B86C-3A98-4C7C-9F24-F718488CCCA0}.Release|Any CPU.ActiveCfg = Release|Any CPU
		{6056B86C-3A98-4C7C-9F24-F718488CCCA0}.Release|Any CPU.Build.0 = Release|Any CPU
	EndGlobalSection
EndGlobal
